// !$*UTF8*$!
{
	archiveVersion = 1;
	classes = {
	};
	objectVersion = 50;
	objects = {

/* Begin PBXBuildFile section */
		1801856423CBF4A000C41EBB /* Localizable.strings in Resources */ = {isa = PBXBuildFile; fileRef = 1801856623CBF4A000C41EBB /* Localizable.strings */; };
		1830BC9523C6F2700051003E /* DestinationCell.swift in Sources */ = {isa = PBXBuildFile; fileRef = 1830BC9323C6F26F0051003E /* DestinationCell.swift */; };
		1830BC9623C6F2700051003E /* DestinationCell.xib in Resources */ = {isa = PBXBuildFile; fileRef = 1830BC9423C6F2700051003E /* DestinationCell.xib */; };
		1830BCA223C7FB100051003E /* Ubuntu-bold-ilalics.ttf in Resources */ = {isa = PBXBuildFile; fileRef = 1830BCA023C7FAE20051003E /* Ubuntu-bold-ilalics.ttf */; };
		1830BCA323C7FB140051003E /* Ubuntu-bold.ttf in Resources */ = {isa = PBXBuildFile; fileRef = 1830BC9A23C7FAE10051003E /* Ubuntu-bold.ttf */; };
		1830BCA423C7FB190051003E /* Ubuntu-condensed.ttf in Resources */ = {isa = PBXBuildFile; fileRef = 1830BC9923C7FAE10051003E /* Ubuntu-condensed.ttf */; };
		1830BCA523C7FB190051003E /* Ubuntu-light-italics.ttf in Resources */ = {isa = PBXBuildFile; fileRef = 1830BCA123C7FAE20051003E /* Ubuntu-light-italics.ttf */; };
		1830BCA623C7FB190051003E /* Ubuntu-light.ttf in Resources */ = {isa = PBXBuildFile; fileRef = 1830BC9B23C7FAE10051003E /* Ubuntu-light.ttf */; };
		1830BCA723C7FB190051003E /* Ubuntu-medium-italics.ttf in Resources */ = {isa = PBXBuildFile; fileRef = 1830BC9F23C7FAE20051003E /* Ubuntu-medium-italics.ttf */; };
		1830BCA823C7FB190051003E /* Ubuntu-medium.ttf in Resources */ = {isa = PBXBuildFile; fileRef = 1830BC9C23C7FAE20051003E /* Ubuntu-medium.ttf */; };
		1830BCA923C7FB190051003E /* Ubuntu-regular-italics.ttf in Resources */ = {isa = PBXBuildFile; fileRef = 1830BC9D23C7FAE20051003E /* Ubuntu-regular-italics.ttf */; };
		1830BCAA23C7FB190051003E /* Ubuntu-regular.ttf in Resources */ = {isa = PBXBuildFile; fileRef = 1830BC9E23C7FAE20051003E /* Ubuntu-regular.ttf */; };
		187F4D2E23C113BB003F18F1 /* BottomSheetViewController.swift in Sources */ = {isa = PBXBuildFile; fileRef = 187F4D2C23C113BB003F18F1 /* BottomSheetViewController.swift */; };
		187F4D2F23C113BB003F18F1 /* BottomSheetViewController3States.swift in Sources */ = {isa = PBXBuildFile; fileRef = 187F4D2D23C113BB003F18F1 /* BottomSheetViewController3States.swift */; };
		187F4D3223C3EC82003F18F1 /* DesignableUITextField.swift in Sources */ = {isa = PBXBuildFile; fileRef = 187F4D3123C3EC82003F18F1 /* DesignableUITextField.swift */; };
		1881129823C082A700E175CB /* AppDelegate.swift in Sources */ = {isa = PBXBuildFile; fileRef = 1881129723C082A700E175CB /* AppDelegate.swift */; };
		1881129A23C082A700E175CB /* SceneDelegate.swift in Sources */ = {isa = PBXBuildFile; fileRef = 1881129923C082A700E175CB /* SceneDelegate.swift */; };
		1881129C23C082A700E175CB /* ViewController.swift in Sources */ = {isa = PBXBuildFile; fileRef = 1881129B23C082A700E175CB /* ViewController.swift */; };
		1881129F23C082A700E175CB /* Main.storyboard in Resources */ = {isa = PBXBuildFile; fileRef = 1881129D23C082A700E175CB /* Main.storyboard */; };
		188112A123C082A800E175CB /* Assets.xcassets in Resources */ = {isa = PBXBuildFile; fileRef = 188112A023C082A800E175CB /* Assets.xcassets */; };
		188112A423C082A800E175CB /* LaunchScreen.storyboard in Resources */ = {isa = PBXBuildFile; fileRef = 188112A223C082A800E175CB /* LaunchScreen.storyboard */; };
		188112AF23C082A800E175CB /* BottomSheetTests.swift in Sources */ = {isa = PBXBuildFile; fileRef = 188112AE23C082A800E175CB /* BottomSheetTests.swift */; };
		188112BA23C082A800E175CB /* BottomSheetUITests.swift in Sources */ = {isa = PBXBuildFile; fileRef = 188112B923C082A800E175CB /* BottomSheetUITests.swift */; };
/* End PBXBuildFile section */

/* Begin PBXContainerItemProxy section */
		188112AB23C082A800E175CB /* PBXContainerItemProxy */ = {
			isa = PBXContainerItemProxy;
			containerPortal = 1881128C23C082A700E175CB /* Project object */;
			proxyType = 1;
			remoteGlobalIDString = 1881129323C082A700E175CB;
			remoteInfo = BottomSheet;
		};
		188112B623C082A800E175CB /* PBXContainerItemProxy */ = {
			isa = PBXContainerItemProxy;
			containerPortal = 1881128C23C082A700E175CB /* Project object */;
			proxyType = 1;
			remoteGlobalIDString = 1881129323C082A700E175CB;
			remoteInfo = BottomSheet;
		};
/* End PBXContainerItemProxy section */

/* Begin PBXFileReference section */
		1801856523CBF4A000C41EBB /* en */ = {isa = PBXFileReference; lastKnownFileType = text.plist.strings; name = en; path = en.lproj/Localizable.strings; sourceTree = "<group>"; };
		1830BC9323C6F26F0051003E /* DestinationCell.swift */ = {isa = PBXFileReference; fileEncoding = 4; lastKnownFileType = sourcecode.swift; path = DestinationCell.swift; sourceTree = "<group>"; };
		1830BC9423C6F2700051003E /* DestinationCell.xib */ = {isa = PBXFileReference; fileEncoding = 4; lastKnownFileType = file.xib; path = DestinationCell.xib; sourceTree = "<group>"; };
		1830BC9923C7FAE10051003E /* Ubuntu-condensed.ttf */ = {isa = PBXFileReference; lastKnownFileType = file; path = "Ubuntu-condensed.ttf"; sourceTree = "<group>"; };
		1830BC9A23C7FAE10051003E /* Ubuntu-bold.ttf */ = {isa = PBXFileReference; lastKnownFileType = file; path = "Ubuntu-bold.ttf"; sourceTree = "<group>"; };
		1830BC9B23C7FAE10051003E /* Ubuntu-light.ttf */ = {isa = PBXFileReference; lastKnownFileType = file; path = "Ubuntu-light.ttf"; sourceTree = "<group>"; };
		1830BC9C23C7FAE20051003E /* Ubuntu-medium.ttf */ = {isa = PBXFileReference; lastKnownFileType = file; path = "Ubuntu-medium.ttf"; sourceTree = "<group>"; };
		1830BC9D23C7FAE20051003E /* Ubuntu-regular-italics.ttf */ = {isa = PBXFileReference; lastKnownFileType = file; path = "Ubuntu-regular-italics.ttf"; sourceTree = "<group>"; };
		1830BC9E23C7FAE20051003E /* Ubuntu-regular.ttf */ = {isa = PBXFileReference; lastKnownFileType = file; path = "Ubuntu-regular.ttf"; sourceTree = "<group>"; };
		1830BC9F23C7FAE20051003E /* Ubuntu-medium-italics.ttf */ = {isa = PBXFileReference; lastKnownFileType = file; path = "Ubuntu-medium-italics.ttf"; sourceTree = "<group>"; };
		1830BCA023C7FAE20051003E /* Ubuntu-bold-ilalics.ttf */ = {isa = PBXFileReference; lastKnownFileType = file; path = "Ubuntu-bold-ilalics.ttf"; sourceTree = "<group>"; };
		1830BCA123C7FAE20051003E /* Ubuntu-light-italics.ttf */ = {isa = PBXFileReference; lastKnownFileType = file; path = "Ubuntu-light-italics.ttf"; sourceTree = "<group>"; };
		187F4D2C23C113BB003F18F1 /* BottomSheetViewController.swift */ = {isa = PBXFileReference; fileEncoding = 4; lastKnownFileType = sourcecode.swift; path = BottomSheetViewController.swift; sourceTree = "<group>"; };
		187F4D2D23C113BB003F18F1 /* BottomSheetViewController3States.swift */ = {isa = PBXFileReference; fileEncoding = 4; lastKnownFileType = sourcecode.swift; path = BottomSheetViewController3States.swift; sourceTree = "<group>"; };
		187F4D3123C3EC82003F18F1 /* DesignableUITextField.swift */ = {isa = PBXFileReference; lastKnownFileType = sourcecode.swift; path = DesignableUITextField.swift; sourceTree = "<group>"; };
		1881129423C082A700E175CB /* BottomSheet.app */ = {isa = PBXFileReference; explicitFileType = wrapper.application; includeInIndex = 0; path = BottomSheet.app; sourceTree = BUILT_PRODUCTS_DIR; };
		1881129723C082A700E175CB /* AppDelegate.swift */ = {isa = PBXFileReference; lastKnownFileType = sourcecode.swift; path = AppDelegate.swift; sourceTree = "<group>"; };
		1881129923C082A700E175CB /* SceneDelegate.swift */ = {isa = PBXFileReference; lastKnownFileType = sourcecode.swift; path = SceneDelegate.swift; sourceTree = "<group>"; };
		1881129B23C082A700E175CB /* ViewController.swift */ = {isa = PBXFileReference; lastKnownFileType = sourcecode.swift; path = ViewController.swift; sourceTree = "<group>"; };
		1881129E23C082A700E175CB /* Base */ = {isa = PBXFileReference; lastKnownFileType = file.storyboard; name = Base; path = Base.lproj/Main.storyboard; sourceTree = "<group>"; };
		188112A023C082A800E175CB /* Assets.xcassets */ = {isa = PBXFileReference; lastKnownFileType = folder.assetcatalog; path = Assets.xcassets; sourceTree = "<group>"; };
		188112A323C082A800E175CB /* Base */ = {isa = PBXFileReference; lastKnownFileType = file.storyboard; name = Base; path = Base.lproj/LaunchScreen.storyboard; sourceTree = "<group>"; };
		188112A523C082A800E175CB /* Info.plist */ = {isa = PBXFileReference; lastKnownFileType = text.plist.xml; path = Info.plist; sourceTree = "<group>"; };
		188112AA23C082A800E175CB /* BottomSheetTests.xctest */ = {isa = PBXFileReference; explicitFileType = wrapper.cfbundle; includeInIndex = 0; path = BottomSheetTests.xctest; sourceTree = BUILT_PRODUCTS_DIR; };
		188112AE23C082A800E175CB /* BottomSheetTests.swift */ = {isa = PBXFileReference; lastKnownFileType = sourcecode.swift; path = BottomSheetTests.swift; sourceTree = "<group>"; };
		188112B023C082A800E175CB /* Info.plist */ = {isa = PBXFileReference; lastKnownFileType = text.plist.xml; path = Info.plist; sourceTree = "<group>"; };
		188112B523C082A800E175CB /* BottomSheetUITests.xctest */ = {isa = PBXFileReference; explicitFileType = wrapper.cfbundle; includeInIndex = 0; path = BottomSheetUITests.xctest; sourceTree = BUILT_PRODUCTS_DIR; };
		188112B923C082A800E175CB /* BottomSheetUITests.swift */ = {isa = PBXFileReference; lastKnownFileType = sourcecode.swift; path = BottomSheetUITests.swift; sourceTree = "<group>"; };
		188112BB23C082A800E175CB /* Info.plist */ = {isa = PBXFileReference; lastKnownFileType = text.plist.xml; path = Info.plist; sourceTree = "<group>"; };
/* End PBXFileReference section */

/* Begin PBXFrameworksBuildPhase section */
		1881129123C082A700E175CB /* Frameworks */ = {
			isa = PBXFrameworksBuildPhase;
			buildActionMask = 2147483647;
			files = (
			);
			runOnlyForDeploymentPostprocessing = 0;
		};
		188112A723C082A800E175CB /* Frameworks */ = {
			isa = PBXFrameworksBuildPhase;
			buildActionMask = 2147483647;
			files = (
			);
			runOnlyForDeploymentPostprocessing = 0;
		};
		188112B223C082A800E175CB /* Frameworks */ = {
			isa = PBXFrameworksBuildPhase;
			buildActionMask = 2147483647;
			files = (
			);
			runOnlyForDeploymentPostprocessing = 0;
		};
/* End PBXFrameworksBuildPhase section */

/* Begin PBXGroup section */
		1830BC9823C7FAD00051003E /* Fonts */ = {
			isa = PBXGroup;
			children = (
				1830BCA023C7FAE20051003E /* Ubuntu-bold-ilalics.ttf */,
				1830BC9A23C7FAE10051003E /* Ubuntu-bold.ttf */,
				1830BC9923C7FAE10051003E /* Ubuntu-condensed.ttf */,
				1830BCA123C7FAE20051003E /* Ubuntu-light-italics.ttf */,
				1830BC9B23C7FAE10051003E /* Ubuntu-light.ttf */,
				1830BC9F23C7FAE20051003E /* Ubuntu-medium-italics.ttf */,
				1830BC9C23C7FAE20051003E /* Ubuntu-medium.ttf */,
				1830BC9D23C7FAE20051003E /* Ubuntu-regular-italics.ttf */,
				1830BC9E23C7FAE20051003E /* Ubuntu-regular.ttf */,
			);
			path = Fonts;
			sourceTree = "<group>";
		};
		187F4D3023C3EC3E003F18F1 /* Views */ = {
			isa = PBXGroup;
			children = (
				1830BC9323C6F26F0051003E /* DestinationCell.swift */,
				1830BC9423C6F2700051003E /* DestinationCell.xib */,
				187F4D3123C3EC82003F18F1 /* DesignableUITextField.swift */,
			);
			path = Views;
			sourceTree = "<group>";
		};
		1881128B23C082A700E175CB = {
			isa = PBXGroup;
			children = (
				1881129623C082A700E175CB /* BottomSheet */,
				188112AD23C082A800E175CB /* BottomSheetTests */,
				188112B823C082A800E175CB /* BottomSheetUITests */,
				1881129523C082A700E175CB /* Products */,
			);
			sourceTree = "<group>";
		};
		1881129523C082A700E175CB /* Products */ = {
			isa = PBXGroup;
			children = (
				1881129423C082A700E175CB /* BottomSheet.app */,
				188112AA23C082A800E175CB /* BottomSheetTests.xctest */,
				188112B523C082A800E175CB /* BottomSheetUITests.xctest */,
			);
			name = Products;
			sourceTree = "<group>";
		};
		1881129623C082A700E175CB /* BottomSheet */ = {
			isa = PBXGroup;
			children = (
				1830BC9823C7FAD00051003E /* Fonts */,
				187F4D3023C3EC3E003F18F1 /* Views */,
				1881129723C082A700E175CB /* AppDelegate.swift */,
				1881129923C082A700E175CB /* SceneDelegate.swift */,
				187F4D2C23C113BB003F18F1 /* BottomSheetViewController.swift */,
				187F4D2D23C113BB003F18F1 /* BottomSheetViewController3States.swift */,
				1881129B23C082A700E175CB /* ViewController.swift */,
				1881129D23C082A700E175CB /* Main.storyboard */,
				188112A023C082A800E175CB /* Assets.xcassets */,
				188112A223C082A800E175CB /* LaunchScreen.storyboard */,
				188112A523C082A800E175CB /* Info.plist */,
				1801856623CBF4A000C41EBB /* Localizable.strings */,
			);
			path = BottomSheet;
			sourceTree = "<group>";
		};
		188112AD23C082A800E175CB /* BottomSheetTests */ = {
			isa = PBXGroup;
			children = (
				188112AE23C082A800E175CB /* BottomSheetTests.swift */,
				188112B023C082A800E175CB /* Info.plist */,
			);
			path = BottomSheetTests;
			sourceTree = "<group>";
		};
		188112B823C082A800E175CB /* BottomSheetUITests */ = {
			isa = PBXGroup;
			children = (
				188112B923C082A800E175CB /* BottomSheetUITests.swift */,
				188112BB23C082A800E175CB /* Info.plist */,
			);
			path = BottomSheetUITests;
			sourceTree = "<group>";
		};
/* End PBXGroup section */

/* Begin PBXNativeTarget section */
		1881129323C082A700E175CB /* BottomSheet */ = {
			isa = PBXNativeTarget;
			buildConfigurationList = 188112BE23C082A800E175CB /* Build configuration list for PBXNativeTarget "BottomSheet" */;
			buildPhases = (
				1881129023C082A700E175CB /* Sources */,
				1881129123C082A700E175CB /* Frameworks */,
				1881129223C082A700E175CB /* Resources */,
			);
			buildRules = (
			);
			dependencies = (
			);
			name = BottomSheet;
			productName = BottomSheet;
			productReference = 1881129423C082A700E175CB /* BottomSheet.app */;
			productType = "com.apple.product-type.application";
		};
		188112A923C082A800E175CB /* BottomSheetTests */ = {
			isa = PBXNativeTarget;
			buildConfigurationList = 188112C123C082A800E175CB /* Build configuration list for PBXNativeTarget "BottomSheetTests" */;
			buildPhases = (
				188112A623C082A800E175CB /* Sources */,
				188112A723C082A800E175CB /* Frameworks */,
				188112A823C082A800E175CB /* Resources */,
			);
			buildRules = (
			);
			dependencies = (
				188112AC23C082A800E175CB /* PBXTargetDependency */,
			);
			name = BottomSheetTests;
			productName = BottomSheetTests;
			productReference = 188112AA23C082A800E175CB /* BottomSheetTests.xctest */;
			productType = "com.apple.product-type.bundle.unit-test";
		};
		188112B423C082A800E175CB /* BottomSheetUITests */ = {
			isa = PBXNativeTarget;
			buildConfigurationList = 188112C423C082A800E175CB /* Build configuration list for PBXNativeTarget "BottomSheetUITests" */;
			buildPhases = (
				188112B123C082A800E175CB /* Sources */,
				188112B223C082A800E175CB /* Frameworks */,
				188112B323C082A800E175CB /* Resources */,
			);
			buildRules = (
			);
			dependencies = (
				188112B723C082A800E175CB /* PBXTargetDependency */,
			);
			name = BottomSheetUITests;
			productName = BottomSheetUITests;
			productReference = 188112B523C082A800E175CB /* BottomSheetUITests.xctest */;
			productType = "com.apple.product-type.bundle.ui-testing";
		};
/* End PBXNativeTarget section */

/* Begin PBXProject section */
		1881128C23C082A700E175CB /* Project object */ = {
			isa = PBXProject;
			attributes = {
				LastSwiftUpdateCheck = 1130;
				LastUpgradeCheck = 1130;
				ORGANIZATIONNAME = Vinoth;
				TargetAttributes = {
					1881129323C082A700E175CB = {
						CreatedOnToolsVersion = 11.3;
					};
					188112A923C082A800E175CB = {
						CreatedOnToolsVersion = 11.3;
						TestTargetID = 1881129323C082A700E175CB;
					};
					188112B423C082A800E175CB = {
						CreatedOnToolsVersion = 11.3;
						TestTargetID = 1881129323C082A700E175CB;
					};
				};
			};
			buildConfigurationList = 1881128F23C082A700E175CB /* Build configuration list for PBXProject "BottomSheet" */;
			compatibilityVersion = "Xcode 9.3";
			developmentRegion = en;
			hasScannedForEncodings = 0;
			knownRegions = (
				en,
				Base,
			);
			mainGroup = 1881128B23C082A700E175CB;
			productRefGroup = 1881129523C082A700E175CB /* Products */;
			projectDirPath = "";
			projectRoot = "";
			targets = (
				1881129323C082A700E175CB /* BottomSheet */,
				188112A923C082A800E175CB /* BottomSheetTests */,
				188112B423C082A800E175CB /* BottomSheetUITests */,
			);
		};
/* End PBXProject section */

/* Begin PBXResourcesBuildPhase section */
		1881129223C082A700E175CB /* Resources */ = {
			isa = PBXResourcesBuildPhase;
			buildActionMask = 2147483647;
			files = (
				1830BCA323C7FB140051003E /* Ubuntu-bold.ttf in Resources */,
				1830BCAA23C7FB190051003E /* Ubuntu-regular.ttf in Resources */,
				188112A423C082A800E175CB /* LaunchScreen.storyboard in Resources */,
				1801856423CBF4A000C41EBB /* Localizable.strings in Resources */,
				1830BCA523C7FB190051003E /* Ubuntu-light-italics.ttf in Resources */,
				1830BCA423C7FB190051003E /* Ubuntu-condensed.ttf in Resources */,
				188112A123C082A800E175CB /* Assets.xcassets in Resources */,
				1830BC9623C6F2700051003E /* DestinationCell.xib in Resources */,
				1830BCA223C7FB100051003E /* Ubuntu-bold-ilalics.ttf in Resources */,
				1830BCA723C7FB190051003E /* Ubuntu-medium-italics.ttf in Resources */,
				1830BCA823C7FB190051003E /* Ubuntu-medium.ttf in Resources */,
				1881129F23C082A700E175CB /* Main.storyboard in Resources */,
				1830BCA923C7FB190051003E /* Ubuntu-regular-italics.ttf in Resources */,
				1830BCA623C7FB190051003E /* Ubuntu-light.ttf in Resources */,
			);
			runOnlyForDeploymentPostprocessing = 0;
		};
		188112A823C082A800E175CB /* Resources */ = {
			isa = PBXResourcesBuildPhase;
			buildActionMask = 2147483647;
			files = (
			);
			runOnlyForDeploymentPostprocessing = 0;
		};
		188112B323C082A800E175CB /* Resources */ = {
			isa = PBXResourcesBuildPhase;
			buildActionMask = 2147483647;
			files = (
			);
			runOnlyForDeploymentPostprocessing = 0;
		};
/* End PBXResourcesBuildPhase section */

/* Begin PBXSourcesBuildPhase section */
		1881129023C082A700E175CB /* Sources */ = {
			isa = PBXSourcesBuildPhase;
			buildActionMask = 2147483647;
			files = (
				1881129C23C082A700E175CB /* ViewController.swift in Sources */,
				1881129823C082A700E175CB /* AppDelegate.swift in Sources */,
				187F4D2F23C113BB003F18F1 /* BottomSheetViewController3States.swift in Sources */,
				1830BC9523C6F2700051003E /* DestinationCell.swift in Sources */,
				187F4D3223C3EC82003F18F1 /* DesignableUITextField.swift in Sources */,
				1881129A23C082A700E175CB /* SceneDelegate.swift in Sources */,
				187F4D2E23C113BB003F18F1 /* BottomSheetViewController.swift in Sources */,
			);
			runOnlyForDeploymentPostprocessing = 0;
		};
		188112A623C082A800E175CB /* Sources */ = {
			isa = PBXSourcesBuildPhase;
			buildActionMask = 2147483647;
			files = (
				188112AF23C082A800E175CB /* BottomSheetTests.swift in Sources */,
			);
			runOnlyForDeploymentPostprocessing = 0;
		};
		188112B123C082A800E175CB /* Sources */ = {
			isa = PBXSourcesBuildPhase;
			buildActionMask = 2147483647;
			files = (
				188112BA23C082A800E175CB /* BottomSheetUITests.swift in Sources */,
			);
			runOnlyForDeploymentPostprocessing = 0;
		};
/* End PBXSourcesBuildPhase section */

/* Begin PBXTargetDependency section */
		188112AC23C082A800E175CB /* PBXTargetDependency */ = {
			isa = PBXTargetDependency;
			target = 1881129323C082A700E175CB /* BottomSheet */;
			targetProxy = 188112AB23C082A800E175CB /* PBXContainerItemProxy */;
		};
		188112B723C082A800E175CB /* PBXTargetDependency */ = {
			isa = PBXTargetDependency;
			target = 1881129323C082A700E175CB /* BottomSheet */;
			targetProxy = 188112B623C082A800E175CB /* PBXContainerItemProxy */;
		};
/* End PBXTargetDependency section */

/* Begin PBXVariantGroup section */
		1801856623CBF4A000C41EBB /* Localizable.strings */ = {
			isa = PBXVariantGroup;
			children = (
				1801856523CBF4A000C41EBB /* en */,
			);
			name = Localizable.strings;
			sourceTree = "<group>";
		};
		1881129D23C082A700E175CB /* Main.storyboard */ = {
			isa = PBXVariantGroup;
			children = (
				1881129E23C082A700E175CB /* Base */,
			);
			name = Main.storyboard;
			sourceTree = "<group>";
		};
		188112A223C082A800E175CB /* LaunchScreen.storyboard */ = {
			isa = PBXVariantGroup;
			children = (
				188112A323C082A800E175CB /* Base */,
			);
			name = LaunchScreen.storyboard;
			sourceTree = "<group>";
		};
/* End PBXVariantGroup section */

/* Begin XCBuildConfiguration section */
		188112BC23C082A800E175CB /* Debug */ = {
			isa = XCBuildConfiguration;
			buildSettings = {
				ALWAYS_SEARCH_USER_PATHS = NO;
				CLANG_ANALYZER_NONNULL = YES;
				CLANG_ANALYZER_NUMBER_OBJECT_CONVERSION = YES_AGGRESSIVE;
				CLANG_CXX_LANGUAGE_STANDARD = "gnu++14";
				CLANG_CXX_LIBRARY = "libc++";
				CLANG_ENABLE_MODULES = YES;
				CLANG_ENABLE_OBJC_ARC = YES;
				CLANG_ENABLE_OBJC_WEAK = YES;
				CLANG_WARN_BLOCK_CAPTURE_AUTORELEASING = YES;
				CLANG_WARN_BOOL_CONVERSION = YES;
				CLANG_WARN_COMMA = YES;
				CLANG_WARN_CONSTANT_CONVERSION = YES;
				CLANG_WARN_DEPRECATED_OBJC_IMPLEMENTATIONS = YES;
				CLANG_WARN_DIRECT_OBJC_ISA_USAGE = YES_ERROR;
				CLANG_WARN_DOCUMENTATION_COMMENTS = YES;
				CLANG_WARN_EMPTY_BODY = YES;
				CLANG_WARN_ENUM_CONVERSION = YES;
				CLANG_WARN_INFINITE_RECURSION = YES;
				CLANG_WARN_INT_CONVERSION = YES;
				CLANG_WARN_NON_LITERAL_NULL_CONVERSION = YES;
				CLANG_WARN_OBJC_IMPLICIT_RETAIN_SELF = YES;
				CLANG_WARN_OBJC_LITERAL_CONVERSION = YES;
				CLANG_WARN_OBJC_ROOT_CLASS = YES_ERROR;
				CLANG_WARN_RANGE_LOOP_ANALYSIS = YES;
				CLANG_WARN_STRICT_PROTOTYPES = YES;
				CLANG_WARN_SUSPICIOUS_MOVE = YES;
				CLANG_WARN_UNGUARDED_AVAILABILITY = YES_AGGRESSIVE;
				CLANG_WARN_UNREACHABLE_CODE = YES;
				CLANG_WARN__DUPLICATE_METHOD_MATCH = YES;
				COPY_PHASE_STRIP = NO;
				DEBUG_INFORMATION_FORMAT = dwarf;
				ENABLE_STRICT_OBJC_MSGSEND = YES;
				ENABLE_TESTABILITY = YES;
				GCC_C_LANGUAGE_STANDARD = gnu11;
				GCC_DYNAMIC_NO_PIC = NO;
				GCC_NO_COMMON_BLOCKS = YES;
				GCC_OPTIMIZATION_LEVEL = 0;
				GCC_PREPROCESSOR_DEFINITIONS = (
					"DEBUG=1",
					"$(inherited)",
				);
				GCC_WARN_64_TO_32_BIT_CONVERSION = YES;
				GCC_WARN_ABOUT_RETURN_TYPE = YES_ERROR;
				GCC_WARN_UNDECLARED_SELECTOR = YES;
				GCC_WARN_UNINITIALIZED_AUTOS = YES_AGGRESSIVE;
				GCC_WARN_UNUSED_FUNCTION = YES;
				GCC_WARN_UNUSED_VARIABLE = YES;
				IPHONEOS_DEPLOYMENT_TARGET = 13.2;
				MTL_ENABLE_DEBUG_INFO = INCLUDE_SOURCE;
				MTL_FAST_MATH = YES;
				ONLY_ACTIVE_ARCH = YES;
				SDKROOT = iphoneos;
				SWIFT_ACTIVE_COMPILATION_CONDITIONS = DEBUG;
				SWIFT_OPTIMIZATION_LEVEL = "-Onone";
			};
			name = Debug;
		};
		188112BD23C082A800E175CB /* Release */ = {
			isa = XCBuildConfiguration;
			buildSettings = {
				ALWAYS_SEARCH_USER_PATHS = NO;
				CLANG_ANALYZER_NONNULL = YES;
				CLANG_ANALYZER_NUMBER_OBJECT_CONVERSION = YES_AGGRESSIVE;
				CLANG_CXX_LANGUAGE_STANDARD = "gnu++14";
				CLANG_CXX_LIBRARY = "libc++";
				CLANG_ENABLE_MODULES = YES;
				CLANG_ENABLE_OBJC_ARC = YES;
				CLANG_ENABLE_OBJC_WEAK = YES;
				CLANG_WARN_BLOCK_CAPTURE_AUTORELEASING = YES;
				CLANG_WARN_BOOL_CONVERSION = YES;
				CLANG_WARN_COMMA = YES;
				CLANG_WARN_CONSTANT_CONVERSION = YES;
				CLANG_WARN_DEPRECATED_OBJC_IMPLEMENTATIONS = YES;
				CLANG_WARN_DIRECT_OBJC_ISA_USAGE = YES_ERROR;
				CLANG_WARN_DOCUMENTATION_COMMENTS = YES;
				CLANG_WARN_EMPTY_BODY = YES;
				CLANG_WARN_ENUM_CONVERSION = YES;
				CLANG_WARN_INFINITE_RECURSION = YES;
				CLANG_WARN_INT_CONVERSION = YES;
				CLANG_WARN_NON_LITERAL_NULL_CONVERSION = YES;
				CLANG_WARN_OBJC_IMPLICIT_RETAIN_SELF = YES;
				CLANG_WARN_OBJC_LITERAL_CONVERSION = YES;
				CLANG_WARN_OBJC_ROOT_CLASS = YES_ERROR;
				CLANG_WARN_RANGE_LOOP_ANALYSIS = YES;
				CLANG_WARN_STRICT_PROTOTYPES = YES;
				CLANG_WARN_SUSPICIOUS_MOVE = YES;
				CLANG_WARN_UNGUARDED_AVAILABILITY = YES_AGGRESSIVE;
				CLANG_WARN_UNREACHABLE_CODE = YES;
				CLANG_WARN__DUPLICATE_METHOD_MATCH = YES;
				COPY_PHASE_STRIP = NO;
				DEBUG_INFORMATION_FORMAT = "dwarf-with-dsym";
				ENABLE_NS_ASSERTIONS = NO;
				ENABLE_STRICT_OBJC_MSGSEND = YES;
				GCC_C_LANGUAGE_STANDARD = gnu11;
				GCC_NO_COMMON_BLOCKS = YES;
				GCC_WARN_64_TO_32_BIT_CONVERSION = YES;
				GCC_WARN_ABOUT_RETURN_TYPE = YES_ERROR;
				GCC_WARN_UNDECLARED_SELECTOR = YES;
				GCC_WARN_UNINITIALIZED_AUTOS = YES_AGGRESSIVE;
				GCC_WARN_UNUSED_FUNCTION = YES;
				GCC_WARN_UNUSED_VARIABLE = YES;
				IPHONEOS_DEPLOYMENT_TARGET = 13.2;
				MTL_ENABLE_DEBUG_INFO = NO;
				MTL_FAST_MATH = YES;
				SDKROOT = iphoneos;
				SWIFT_COMPILATION_MODE = wholemodule;
				SWIFT_OPTIMIZATION_LEVEL = "-O";
				VALIDATE_PRODUCT = YES;
			};
			name = Release;
		};
		188112BF23C082A800E175CB /* Debug */ = {
			isa = XCBuildConfiguration;
			buildSettings = {
				ASSETCATALOG_COMPILER_APPICON_NAME = AppIcon;
				CODE_SIGN_STYLE = Automatic;
				INFOPLIST_FILE = BottomSheet/Info.plist;
				LD_RUNPATH_SEARCH_PATHS = (
					"$(inherited)",
					"@executable_path/Frameworks",
				);
				PRODUCT_BUNDLE_IDENTIFIER = com.xlabs.BottomSheet;
				PRODUCT_NAME = "$(TARGET_NAME)";
				SWIFT_VERSION = 5.0;
				TARGETED_DEVICE_FAMILY = "1,2";
			};
			name = Debug;
		};
		188112C023C082A800E175CB /* Release */ = {
			isa = XCBuildConfiguration;
			buildSettings = {
				ASSETCATALOG_COMPILER_APPICON_NAME = AppIcon;
				CODE_SIGN_STYLE = Automatic;
				INFOPLIST_FILE = BottomSheet/Info.plist;
				LD_RUNPATH_SEARCH_PATHS = (
					"$(inherited)",
					"@executable_path/Frameworks",
				);
				PRODUCT_BUNDLE_IDENTIFIER = com.xlabs.BottomSheet;
				PRODUCT_NAME = "$(TARGET_NAME)";
				SWIFT_VERSION = 5.0;
				TARGETED_DEVICE_FAMILY = "1,2";
			};
			name = Release;
		};
		188112C223C082A800E175CB /* Debug */ = {
			isa = XCBuildConfiguration;
			buildSettings = {
				ALWAYS_EMBED_SWIFT_STANDARD_LIBRARIES = YES;
				BUNDLE_LOADER = "$(TEST_HOST)";
				CODE_SIGN_STYLE = Automatic;
				INFOPLIST_FILE = BottomSheetTests/Info.plist;
				IPHONEOS_DEPLOYMENT_TARGET = 13.2;
				LD_RUNPATH_SEARCH_PATHS = (
					"$(inherited)",
					"@executable_path/Frameworks",
					"@loader_path/Frameworks",
				);
				PRODUCT_BUNDLE_IDENTIFIER = com.xlabs.BottomSheetTests;
				PRODUCT_NAME = "$(TARGET_NAME)";
				SWIFT_VERSION = 5.0;
				TARGETED_DEVICE_FAMILY = "1,2";
				TEST_HOST = "$(BUILT_PRODUCTS_DIR)/BottomSheet.app/BottomSheet";
			};
			name = Debug;
		};
		188112C323C082A800E175CB /* Release */ = {
			isa = XCBuildConfiguration;
			buildSettings = {
				ALWAYS_EMBED_SWIFT_STANDARD_LIBRARIES = YES;
				BUNDLE_LOADER = "$(TEST_HOST)";
				CODE_SIGN_STYLE = Automatic;
				INFOPLIST_FILE = BottomSheetTests/Info.plist;
				IPHONEOS_DEPLOYMENT_TARGET = 13.2;
				LD_RUNPATH_SEARCH_PATHS = (
					"$(inherited)",
					"@executable_path/Frameworks",
					"@loader_path/Frameworks",
				);
				PRODUCT_BUNDLE_IDENTIFIER = com.xlabs.BottomSheetTests;
				PRODUCT_NAME = "$(TARGET_NAME)";
				SWIFT_VERSION = 5.0;
				TARGETED_DEVICE_FAMILY = "1,2";
				TEST_HOST = "$(BUILT_PRODUCTS_DIR)/BottomSheet.app/BottomSheet";
			};
			name = Release;
		};
		188112C523C082A800E175CB /* Debug */ = {
			isa = XCBuildConfiguration;
			buildSettings = {
				ALWAYS_EMBED_SWIFT_STANDARD_LIBRARIES = YES;
				CODE_SIGN_STYLE = Automatic;
				INFOPLIST_FILE = BottomSheetUITests/Info.plist;
				LD_RUNPATH_SEARCH_PATHS = (
					"$(inherited)",
					"@executable_path/Frameworks",
					"@loader_path/Frameworks",
				);
				PRODUCT_BUNDLE_IDENTIFIER = com.xlabs.BottomSheetUITests;
				PRODUCT_NAME = "$(TARGET_NAME)";
				SWIFT_VERSION = 5.0;
				TARGETED_DEVICE_FAMILY = "1,2";
				TEST_TARGET_NAME = BottomSheet;
			};
			name = Debug;
		};
		188112C623C082A800E175CB /* Release */ = {
			isa = XCBuildConfiguration;
			buildSettings = {
				ALWAYS_EMBED_SWIFT_STANDARD_LIBRARIES = YES;
				CODE_SIGN_STYLE = Automatic;
				INFOPLIST_FILE = BottomSheetUITests/Info.plist;
				LD_RUNPATH_SEARCH_PATHS = (
					"$(inherited)",
					"@executable_path/Frameworks",
					"@loader_path/Frameworks",
				);
				PRODUCT_BUNDLE_IDENTIFIER = com.xlabs.BottomSheetUITests;
				PRODUCT_NAME = "$(TARGET_NAME)";
				SWIFT_VERSION = 5.0;
				TARGETED_DEVICE_FAMILY = "1,2";
				TEST_TARGET_NAME = BottomSheet;
			};
			name = Release;
		};
/* End XCBuildConfiguration section */

/* Begin XCConfigurationList section */
		1881128F23C082A700E175CB /* Build configuration list for PBXProject "BottomSheet" */ = {
			isa = XCConfigurationList;
			buildConfigurations = (
				188112BC23C082A800E175CB /* Debug */,
				188112BD23C082A800E175CB /* Release */,
			);
			defaultConfigurationIsVisible = 0;
			defaultConfigurationName = Release;
		};
		188112BE23C082A800E175CB /* Build configuration list for PBXNativeTarget "BottomSheet" */ = {
			isa = XCConfigurationList;
			buildConfigurations = (
				188112BF23C082A800E175CB /* Debug */,
				188112C023C082A800E175CB /* Release */,
			);
			defaultConfigurationIsVisible = 0;
			defaultConfigurationName = Release;
		};
		188112C123C082A800E175CB /* Build configuration list for PBXNativeTarget "BottomSheetTests" */ = {
			isa = XCConfigurationList;
			buildConfigurations = (
				188112C223C082A800E175CB /* Debug */,
				188112C323C082A800E175CB /* Release */,
			);
			defaultConfigurationIsVisible = 0;
			defaultConfigurationName = Release;
		};
		188112C423C082A800E175CB /* Build configuration list for PBXNativeTarget "BottomSheetUITests" */ = {
			isa = XCConfigurationList;
			buildConfigurations = (
				188112C523C082A800E175CB /* Debug */,
				188112C623C082A800E175CB /* Release */,
			);
			defaultConfigurationIsVisible = 0;
			defaultConfigurationName = Release;
		};
/* End XCConfigurationList section */
	};
	rootObject = 1881128C23C082A700E175CB /* Project object */;
}
